
Microsoft Visual Studio Solution File, Format Version 12.00
# Visual Studio Version 17
VisualStudioVersion = 17.4.33213.308
MinimumVisualStudioVersion = 10.0.40219.1
Project("{FAE04EC0-301F-11D3-BF4B-00C04F79EFBC}") = "CinemaHermes", "CinemaHermes\CinemaHermes.csproj", "{3266BAF8-2D3B-4575-867C-B005B7616918}"
EndProject
Global
	GlobalSection(SolutionConfigurationPlatforms) = preSolution
		Debug|Any CPU = Debug|Any CPU
		Release|Any CPU = Release|Any CPU
	EndGlobalSection
	GlobalSection(ProjectConfigurationPlatforms) = postSolution
		{3266BAF8-2D3B-4575-867C-B005B7616918}.Debug|Any CPU.ActiveCfg = Debug|Any CPU
		{3266BAF8-2D3B-4575-867C-B005B7616918}.Debug|Any CPU.Build.0 = Debug|Any CPU
		{3266BAF8-2D3B-4575-867C-B005B7616918}.Release|Any CPU.ActiveCfg = Release|Any CPU
		{3266BAF8-2D3B-4575-867C-B005B7616918}.Release|Any CPU.Build.0 = Release|Any CPU
	EndGlobalSection
	GlobalSection(SolutionProperties) = preSolution
		HideSolutionNode = FALSE
	EndGlobalSection
	GlobalSection(ExtensibilityGlobals) = postSolution
		SolutionGuid = {A579E04A-6856-4521-A64F-FEC006A9CC3A}
	EndGlobalSection
EndGlobal
